
Microsoft Visual Studio Solution File, Format Version 12.00
# Visual Studio Version 16
VisualStudioVersion = 16.0.31410.357
MinimumVisualStudioVersion = 10.0.40219.1
Project("{8BC9CEB8-8B4A-11D0-8D11-00A0C91BC942}") = "Tutorials_001_Hello_World", "Tutorials_001_Hello_World\Tutorials_001_Hello_World.vcxproj", "{F7A1A197-9A5F-4FAE-B0EF-C6B84B9BE593}"
EndProject
Project("{8BC9CEB8-8B4A-11D0-8D11-00A0C91BC942}") = "Tutorials_002_Variables", "Tutorials_002_Variables\Tutorials_002_Variables.vcxproj", "{75E88AEE-CF0C-4A51-AFA3-2063EC30FE90}"
EndProject
Project("{8BC9CEB8-8B4A-11D0-8D11-00A0C91BC942}") = "Tutorials_003_Input", "Tutorials_003_Input\Tutorials_003_Input.vcxproj", "{5955E03F-AAAF-45AF-A532-4A03B539F0CA}"
EndProject
Project("{8BC9CEB8-8B4A-11D0-8D11-00A0C91BC942}") = "Tutorials_004_Basic_Logic", "Tutorials_004_Basic_Logic\Tutorials_004_Basic_Logic.vcxproj", "{E2F19B66-6BF6-4587-89F4-294F5DDE5672}"
EndProject
Project("{8BC9CEB8-8B4A-11D0-8D11-00A0C91BC942}") = "Tutorials_005_Basic_Rock_Paper_Scissors", "Tutorials_005_Basic_Rock_Paper_Scissors\Tutorials_005_Basic_Rock_Paper_Scissors.vcxproj", "{B1AA89FB-4291-4D12-A765-D155C5ADB02F}"
EndProject
Project("{8BC9CEB8-8B4A-11D0-8D11-00A0C91BC942}") = "Tutorials_006_Loops", "Tutorials_006_Loops\Tutorials_006_Loops.vcxproj", "{14EB6F6F-592D-448B-B473-957C1E5444D1}"
EndProject
Project("{8BC9CEB8-8B4A-11D0-8D11-00A0C91BC942}") = "Tutorials_007_Multiplication_Loops", "Tutorials_007_Multiplication_Loops\Tutorials_007_Multiplication_Loops.vcxproj", "{B24257C0-1045-4854-B1D8-1FA2A6FCEA85}"
EndProject
Project("{8BC9CEB8-8B4A-11D0-8D11-00A0C91BC942}") = "Tutorials_008_Functions", "Tutorials_008_Functions\Tutorials_008_Functions.vcxproj", "{D78AE9F0-E5BD-4FE8-8F93-B4529CD19D97}"
EndProject
Project("{8BC9CEB8-8B4A-11D0-8D11-00A0C91BC942}") = "Tutorials_009_Madlibs_ArrayRNG", "Tutorials_009_Madlibs_ArrayRNG\Tutorials_009_Madlibs_ArrayRNG.vcxproj", "{1AE722A6-4C54-47E9-BCFB-AC465221FE34}"
EndProject
Project("{8BC9CEB8-8B4A-11D0-8D11-00A0C91BC942}") = "Tutorials_010_Madlibs_Headers", "Tutorials_010_Madlibs_Headers\Tutorials_010_Madlibs_Headers.vcxproj", "{F484D571-485E-49B6-A0C4-9CCD7AC9D459}"
EndProject
Project("{8BC9CEB8-8B4A-11D0-8D11-00A0C91BC942}") = "Tutorials_011_Dice_Roller_Assignment", "Tutorials_011_Dice_Roller_Assignment\Tutorials_011_Dice_Roller_Assignment.vcxproj", "{7CB07C51-7861-4215-AB1C-1EBDA8BB7E33}"
EndProject
Global
	GlobalSection(SolutionConfigurationPlatforms) = preSolution
		Debug|x64 = Debug|x64
		Debug|x86 = Debug|x86
		Release|x64 = Release|x64
		Release|x86 = Release|x86
	EndGlobalSection
	GlobalSection(ProjectConfigurationPlatforms) = postSolution
		{F7A1A197-9A5F-4FAE-B0EF-C6B84B9BE593}.Debug|x64.ActiveCfg = Debug|x64
		{F7A1A197-9A5F-4FAE-B0EF-C6B84B9BE593}.Debug|x64.Build.0 = Debug|x64
		{F7A1A197-9A5F-4FAE-B0EF-C6B84B9BE593}.Debug|x86.ActiveCfg = Debug|Win32
		{F7A1A197-9A5F-4FAE-B0EF-C6B84B9BE593}.Debug|x86.Build.0 = Debug|Win32
		{F7A1A197-9A5F-4FAE-B0EF-C6B84B9BE593}.Release|x64.ActiveCfg = Release|x64
		{F7A1A197-9A5F-4FAE-B0EF-C6B84B9BE593}.Release|x64.Build.0 = Release|x64
		{F7A1A197-9A5F-4FAE-B0EF-C6B84B9BE593}.Release|x86.ActiveCfg = Release|Win32
		{F7A1A197-9A5F-4FAE-B0EF-C6B84B9BE593}.Release|x86.Build.0 = Release|Win32
		{75E88AEE-CF0C-4A51-AFA3-2063EC30FE90}.Debug|x64.ActiveCfg = Debug|x64
		{75E88AEE-CF0C-4A51-AFA3-2063EC30FE90}.Debug|x64.Build.0 = Debug|x64
		{75E88AEE-CF0C-4A51-AFA3-2063EC30FE90}.Debug|x86.ActiveCfg = Debug|Win32
		{75E88AEE-CF0C-4A51-AFA3-2063EC30FE90}.Debug|x86.Build.0 = Debug|Win32
		{75E88AEE-CF0C-4A51-AFA3-2063EC30FE90}.Release|x64.ActiveCfg = Release|x64
		{75E88AEE-CF0C-4A51-AFA3-2063EC30FE90}.Release|x64.Build.0 = Release|x64
		{75E88AEE-CF0C-4A51-AFA3-2063EC30FE90}.Release|x86.ActiveCfg = Release|Win32
		{75E88AEE-CF0C-4A51-AFA3-2063EC30FE90}.Release|x86.Build.0 = Release|Win32
		{5955E03F-AAAF-45AF-A532-4A03B539F0CA}.Debug|x64.ActiveCfg = Debug|x64
		{5955E03F-AAAF-45AF-A532-4A03B539F0CA}.Debug|x64.Build.0 = Debug|x64
		{5955E03F-AAAF-45AF-A532-4A03B539F0CA}.Debug|x86.ActiveCfg = Debug|Win32
		{5955E03F-AAAF-45AF-A532-4A03B539F0CA}.Debug|x86.Build.0 = Debug|Win32
		{5955E03F-AAAF-45AF-A532-4A03B539F0CA}.Release|x64.ActiveCfg = Release|x64
		{5955E03F-AAAF-45AF-A532-4A03B539F0CA}.Release|x64.Build.0 = Release|x64
		{5955E03F-AAAF-45AF-A532-4A03B539F0CA}.Release|x86.ActiveCfg = Release|Win32
		{5955E03F-AAAF-45AF-A532-4A03B539F0CA}.Release|x86.Build.0 = Release|Win32
		{E2F19B66-6BF6-4587-89F4-294F5DDE5672}.Debug|x64.ActiveCfg = Debug|x64
		{E2F19B66-6BF6-4587-89F4-294F5DDE5672}.Debug|x64.Build.0 = Debug|x64
		{E2F19B66-6BF6-4587-89F4-294F5DDE5672}.Debug|x86.ActiveCfg = Debug|Win32
		{E2F19B66-6BF6-4587-89F4-294F5DDE5672}.Debug|x86.Build.0 = Debug|Win32
		{E2F19B66-6BF6-4587-89F4-294F5DDE5672}.Release|x64.ActiveCfg = Release|x64
		{E2F19B66-6BF6-4587-89F4-294F5DDE5672}.Release|x64.Build.0 = Release|x64
		{E2F19B66-6BF6-4587-89F4-294F5DDE5672}.Release|x86.ActiveCfg = Release|Win32
		{E2F19B66-6BF6-4587-89F4-294F5DDE5672}.Release|x86.Build.0 = Release|Win32
		{B1AA89FB-4291-4D12-A765-D155C5ADB02F}.Debug|x64.ActiveCfg = Debug|x64
		{B1AA89FB-4291-4D12-A765-D155C5ADB02F}.Debug|x64.Build.0 = Debug|x64
		{B1AA89FB-4291-4D12-A765-D155C5ADB02F}.Debug|x86.ActiveCfg = Debug|Win32
		{B1AA89FB-4291-4D12-A765-D155C5ADB02F}.Debug|x86.Build.0 = Debug|Win32
		{B1AA89FB-4291-4D12-A765-D155C5ADB02F}.Release|x64.ActiveCfg = Release|x64
		{B1AA89FB-4291-4D12-A765-D155C5ADB02F}.Release|x64.Build.0 = Release|x64
		{B1AA89FB-4291-4D12-A765-D155C5ADB02F}.Release|x86.ActiveCfg = Release|Win32
		{B1AA89FB-4291-4D12-A765-D155C5ADB02F}.Release|x86.Build.0 = Release|Win32
		{14EB6F6F-592D-448B-B473-957C1E5444D1}.Debug|x64.ActiveCfg = Debug|x64
		{14EB6F6F-592D-448B-B473-957C1E5444D1}.Debug|x64.Build.0 = Debug|x64
		{14EB6F6F-592D-448B-B473-957C1E5444D1}.Debug|x86.ActiveCfg = Debug|Win32
		{14EB6F6F-592D-448B-B473-957C1E5444D1}.Debug|x86.Build.0 = Debug|Win32
		{14EB6F6F-592D-448B-B473-957C1E5444D1}.Release|x64.ActiveCfg = Release|x64
		{14EB6F6F-592D-448B-B473-957C1E5444D1}.Release|x64.Build.0 = Release|x64
		{14EB6F6F-592D-448B-B473-957C1E5444D1}.Release|x86.ActiveCfg = Release|Win32
		{14EB6F6F-592D-448B-B473-957C1E5444D1}.Release|x86.Build.0 = Release|Win32
		{B24257C0-1045-4854-B1D8-1FA2A6FCEA85}.Debug|x64.ActiveCfg = Debug|x64
		{B24257C0-1045-4854-B1D8-1FA2A6FCEA85}.Debug|x64.Build.0 = Debug|x64
		{B24257C0-1045-4854-B1D8-1FA2A6FCEA85}.Debug|x86.ActiveCfg = Debug|Win32
		{B24257C0-1045-4854-B1D8-1FA2A6FCEA85}.Debug|x86.Build.0 = Debug|Win32
		{B24257C0-1045-4854-B1D8-1FA2A6FCEA85}.Release|x64.ActiveCfg = Release|x64
		{B24257C0-1045-4854-B1D8-1FA2A6FCEA85}.Release|x64.Build.0 = Release|x64
		{B24257C0-1045-4854-B1D8-1FA2A6FCEA85}.Release|x86.ActiveCfg = Release|Win32
		{B24257C0-1045-4854-B1D8-1FA2A6FCEA85}.Release|x86.Build.0 = Release|Win32
		{D78AE9F0-E5BD-4FE8-8F93-B4529CD19D97}.Debug|x64.ActiveCfg = Debug|x64
		{D78AE9F0-E5BD-4FE8-8F93-B4529CD19D97}.Debug|x64.Build.0 = Debug|x64
		{D78AE9F0-E5BD-4FE8-8F93-B4529CD19D97}.Debug|x86.ActiveCfg = Debug|Win32
		{D78AE9F0-E5BD-4FE8-8F93-B4529CD19D97}.Debug|x86.Build.0 = Debug|Win32
		{D78AE9F0-E5BD-4FE8-8F93-B4529CD19D97}.Release|x64.ActiveCfg = Release|x64
		{D78AE9F0-E5BD-4FE8-8F93-B4529CD19D97}.Release|x64.Build.0 = Release|x64
		{D78AE9F0-E5BD-4FE8-8F93-B4529CD19D97}.Release|x86.ActiveCfg = Release|Win32
		{D78AE9F0-E5BD-4FE8-8F93-B4529CD19D97}.Release|x86.Build.0 = Release|Win32
		{1AE722A6-4C54-47E9-BCFB-AC465221FE34}.Debug|x64.ActiveCfg = Debug|x64
		{1AE722A6-4C54-47E9-BCFB-AC465221FE34}.Debug|x64.Build.0 = Debug|x64
		{1AE722A6-4C54-47E9-BCFB-AC465221FE34}.Debug|x86.ActiveCfg = Debug|Win32
		{1AE722A6-4C54-47E9-BCFB-AC465221FE34}.Debug|x86.Build.0 = Debug|Win32
		{1AE722A6-4C54-47E9-BCFB-AC465221FE34}.Release|x64.ActiveCfg = Release|x64
		{1AE722A6-4C54-47E9-BCFB-AC465221FE34}.Release|x64.Build.0 = Release|x64
		{1AE722A6-4C54-47E9-BCFB-AC465221FE34}.Release|x86.ActiveCfg = Release|Win32
		{1AE722A6-4C54-47E9-BCFB-AC465221FE34}.Release|x86.Build.0 = Release|Win32
		{F484D571-485E-49B6-A0C4-9CCD7AC9D459}.Debug|x64.ActiveCfg = Debug|x64
		{F484D571-485E-49B6-A0C4-9CCD7AC9D459}.Debug|x64.Build.0 = Debug|x64
		{F484D571-485E-49B6-A0C4-9CCD7AC9D459}.Debug|x86.ActiveCfg = Debug|Win32
		{F484D571-485E-49B6-A0C4-9CCD7AC9D459}.Debug|x86.Build.0 = Debug|Win32
		{F484D571-485E-49B6-A0C4-9CCD7AC9D459}.Release|x64.ActiveCfg = Release|x64
		{F484D571-485E-49B6-A0C4-9CCD7AC9D459}.Release|x64.Build.0 = Release|x64
		{F484D571-485E-49B6-A0C4-9CCD7AC9D459}.Release|x86.ActiveCfg = Release|Win32
		{F484D571-485E-49B6-A0C4-9CCD7AC9D459}.Release|x86.Build.0 = Release|Win32
		{7CB07C51-7861-4215-AB1C-1EBDA8BB7E33}.Debug|x64.ActiveCfg = Debug|x64
		{7CB07C51-7861-4215-AB1C-1EBDA8BB7E33}.Debug|x64.Build.0 = Debug|x64
		{7CB07C51-7861-4215-AB1C-1EBDA8BB7E33}.Debug|x86.ActiveCfg = Debug|Win32
		{7CB07C51-7861-4215-AB1C-1EBDA8BB7E33}.Debug|x86.Build.0 = Debug|Win32
		{7CB07C51-7861-4215-AB1C-1EBDA8BB7E33}.Release|x64.ActiveCfg = Release|x64
		{7CB07C51-7861-4215-AB1C-1EBDA8BB7E33}.Release|x64.Build.0 = Release|x64
		{7CB07C51-7861-4215-AB1C-1EBDA8BB7E33}.Release|x86.ActiveCfg = Release|Win32
		{7CB07C51-7861-4215-AB1C-1EBDA8BB7E33}.Release|x86.Build.0 = Release|Win32
	EndGlobalSection
	GlobalSection(SolutionProperties) = preSolution
		HideSolutionNode = FALSE
	EndGlobalSection
	GlobalSection(ExtensibilityGlobals) = postSolution
		SolutionGuid = {6FFFDB59-FCA7-4DC1-8CA5-F12092510E4A}
	EndGlobalSection
EndGlobal
